
Microsoft Visual Studio Solution File, Format Version 11.00
# Visual Studio 2010
Project("{FAE04EC0-301F-11D3-BF4B-00C04F79EFBC}") = "LoadAndSave", "Assembly-CSharp.csproj", "{75E30E5E-6B53-5668-30D5-74D42A002898}"
EndProject
Global
	GlobalSection(SolutionConfigurationPlatforms) = preSolution
		Debug|Any CPU = Debug|Any CPU
		Release|Any CPU = Release|Any CPU
	EndGlobalSection
	GlobalSection(ProjectConfigurationPlatforms) = postSolution
		{75E30E5E-6B53-5668-30D5-74D42A002898}.Debug|Any CPU.ActiveCfg = Debug|Any CPU
		{75E30E5E-6B53-5668-30D5-74D42A002898}.Debug|Any CPU.Build.0 = Debug|Any CPU
		{75E30E5E-6B53-5668-30D5-74D42A002898}.Release|Any CPU.ActiveCfg = Release|Any CPU
		{75E30E5E-6B53-5668-30D5-74D42A002898}.Release|Any CPU.Build.0 = Release|Any CPU
	EndGlobalSection
	GlobalSection(SolutionProperties) = preSolution
		HideSolutionNode = FALSE
	EndGlobalSection
	GlobalSection(MonoDevelopProperties) = preSolution
		StartupItem = Assembly-CSharp.csproj
	EndGlobalSection
EndGlobal
